
Microsoft Visual Studio Solution File, Format Version 12.00
# Visual Studio Version 17
VisualStudioVersion = 17.5.002.0
MinimumVisualStudioVersion = 10.0.40219.1
Project("{9A19103F-16F7-4668-BE54-9A1E7A4F7556}") = "MokkilicoresExpress", "MokkilicoresExpress.csproj", "{270B6428-9D40-4250-8C49-5DE96C2A797D}"
EndProject
Global
	GlobalSection(SolutionConfigurationPlatforms) = preSolution
		Debug|Any CPU = Debug|Any CPU
		Release|Any CPU = Release|Any CPU
	EndGlobalSection
	GlobalSection(ProjectConfigurationPlatforms) = postSolution
		{270B6428-9D40-4250-8C49-5DE96C2A797D}.Debug|Any CPU.ActiveCfg = Debug|Any CPU
		{270B6428-9D40-4250-8C49-5DE96C2A797D}.Debug|Any CPU.Build.0 = Debug|Any CPU
		{270B6428-9D40-4250-8C49-5DE96C2A797D}.Release|Any CPU.ActiveCfg = Release|Any CPU
		{270B6428-9D40-4250-8C49-5DE96C2A797D}.Release|Any CPU.Build.0 = Release|Any CPU
	EndGlobalSection
	GlobalSection(SolutionProperties) = preSolution
		HideSolutionNode = FALSE
	EndGlobalSection
	GlobalSection(ExtensibilityGlobals) = postSolution
		SolutionGuid = {A0BA699F-A019-4B3D-9C53-41DC2116D449}
	EndGlobalSection
EndGlobal
